
Microsoft Visual Studio Solution File, Format Version 12.00
# Visual Studio Version 17
VisualStudioVersion = 17.1.32328.378
MinimumVisualStudioVersion = 10.0.40219.1
Project("{FAE04EC0-301F-11D3-BF4B-00C04F79EFBC}") = "AirportOfficeTicket", "AirportOfficeTicket.csproj", "{0046C028-7306-4688-A8FA-1BDF69F7867F}"
EndProject
Project("{2150E333-8FDC-42A3-9474-1A3956D46DE8}") = "Solution Items", "Solution Items", "{B4BC2C0E-77FE-4DEA-92EA-9C285CE9B2DB}"
	ProjectSection(SolutionItems) = preProject
		.editorconfig = .editorconfig
	EndProjectSection
EndProject
Global
	GlobalSection(SolutionConfigurationPlatforms) = preSolution
		Debug|Any CPU = Debug|Any CPU
		Release|Any CPU = Release|Any CPU
	EndGlobalSection
	GlobalSection(ProjectConfigurationPlatforms) = postSolution
		{0046C028-7306-4688-A8FA-1BDF69F7867F}.Debug|Any CPU.ActiveCfg = Debug|Any CPU
		{0046C028-7306-4688-A8FA-1BDF69F7867F}.Debug|Any CPU.Build.0 = Debug|Any CPU
		{0046C028-7306-4688-A8FA-1BDF69F7867F}.Release|Any CPU.ActiveCfg = Release|Any CPU
		{0046C028-7306-4688-A8FA-1BDF69F7867F}.Release|Any CPU.Build.0 = Release|Any CPU
	EndGlobalSection
	GlobalSection(SolutionProperties) = preSolution
		HideSolutionNode = FALSE
	EndGlobalSection
	GlobalSection(ExtensibilityGlobals) = postSolution
		SolutionGuid = {886AE38D-B113-460F-BE1C-0651223CBBE5}
	EndGlobalSection
EndGlobal
